
Microsoft Visual Studio Solution File, Format Version 12.00
# Visual Studio Version 16
VisualStudioVersion = 16.0.30225.117
MinimumVisualStudioVersion = 10.0.40219.1
Project("{FAE04EC0-301F-11D3-BF4B-00C04F79EFBC}") = "ConsoleApp76", "ConsoleApp76\ConsoleApp76.csproj", "{AF52D130-D0CD-40D8-A85B-EA7324BB9659}"
EndProject
Global
	GlobalSection(SolutionConfigurationPlatforms) = preSolution
		Debug|Any CPU = Debug|Any CPU
		Release|Any CPU = Release|Any CPU
	EndGlobalSection
	GlobalSection(ProjectConfigurationPlatforms) = postSolution
		{AF52D130-D0CD-40D8-A85B-EA7324BB9659}.Debug|Any CPU.ActiveCfg = Debug|Any CPU
		{AF52D130-D0CD-40D8-A85B-EA7324BB9659}.Debug|Any CPU.Build.0 = Debug|Any CPU
		{AF52D130-D0CD-40D8-A85B-EA7324BB9659}.Release|Any CPU.ActiveCfg = Release|Any CPU
		{AF52D130-D0CD-40D8-A85B-EA7324BB9659}.Release|Any CPU.Build.0 = Release|Any CPU
	EndGlobalSection
	GlobalSection(SolutionProperties) = preSolution
		HideSolutionNode = FALSE
	EndGlobalSection
	GlobalSection(ExtensibilityGlobals) = postSolution
		SolutionGuid = {B8A4B0EB-C035-4F93-90C8-839D07A72219}
	EndGlobalSection
EndGlobal
